// !$*UTF8*$!
{
	archiveVersion = 1;
	classes = {
	};
	objectVersion = 56;
	objects = {

/* Begin PBXBuildFile section */
		472F8BBF2B2C968500F69778 /* MsgerApp.swift in Sources */ = {isa = PBXBuildFile; fileRef = 472F8BBE2B2C968500F69778 /* MsgerApp.swift */; };
		472F8BC12B2C968500F69778 /* ContentView.swift in Sources */ = {isa = PBXBuildFile; fileRef = 472F8BC02B2C968500F69778 /* ContentView.swift */; };
		472F8BC32B2C968500F69778 /* Item.swift in Sources */ = {isa = PBXBuildFile; fileRef = 472F8BC22B2C968500F69778 /* Item.swift */; };
		472F8BC52B2C968600F69778 /* Assets.xcassets in Resources */ = {isa = PBXBuildFile; fileRef = 472F8BC42B2C968600F69778 /* Assets.xcassets */; };
		472F8BC92B2C968600F69778 /* Preview Assets.xcassets in Resources */ = {isa = PBXBuildFile; fileRef = 472F8BC82B2C968600F69778 /* Preview Assets.xcassets */; };
		472F8BD42B2C968600F69778 /* MsgerTests.swift in Sources */ = {isa = PBXBuildFile; fileRef = 472F8BD32B2C968600F69778 /* MsgerTests.swift */; };
		472F8BDE2B2C968600F69778 /* MsgerUITests.swift in Sources */ = {isa = PBXBuildFile; fileRef = 472F8BDD2B2C968600F69778 /* MsgerUITests.swift */; };
		472F8BE02B2C968600F69778 /* MsgerUITestsLaunchTests.swift in Sources */ = {isa = PBXBuildFile; fileRef = 472F8BDF2B2C968600F69778 /* MsgerUITestsLaunchTests.swift */; };
/* End PBXBuildFile section */

/* Begin PBXContainerItemProxy section */
		472F8BD02B2C968600F69778 /* PBXContainerItemProxy */ = {
			isa = PBXContainerItemProxy;
			containerPortal = 472F8BB32B2C968500F69778 /* Project object */;
			proxyType = 1;
			remoteGlobalIDString = 472F8BBA2B2C968500F69778;
			remoteInfo = Msger;
		};
		472F8BDA2B2C968600F69778 /* PBXContainerItemProxy */ = {
			isa = PBXContainerItemProxy;
			containerPortal = 472F8BB32B2C968500F69778 /* Project object */;
			proxyType = 1;
			remoteGlobalIDString = 472F8BBA2B2C968500F69778;
			remoteInfo = Msger;
		};
/* End PBXContainerItemProxy section */

/* Begin PBXFileReference section */
		472F8BBB2B2C968500F69778 /* Msger.app */ = {isa = PBXFileReference; explicitFileType = wrapper.application; includeInIndex = 0; path = Msger.app; sourceTree = BUILT_PRODUCTS_DIR; };
		472F8BBE2B2C968500F69778 /* MsgerApp.swift */ = {isa = PBXFileReference; lastKnownFileType = sourcecode.swift; path = MsgerApp.swift; sourceTree = "<group>"; };
		472F8BC02B2C968500F69778 /* ContentView.swift */ = {isa = PBXFileReference; lastKnownFileType = sourcecode.swift; path = ContentView.swift; sourceTree = "<group>"; };
		472F8BC22B2C968500F69778 /* Item.swift */ = {isa = PBXFileReference; lastKnownFileType = sourcecode.swift; path = Item.swift; sourceTree = "<group>"; };
		472F8BC42B2C968600F69778 /* Assets.xcassets */ = {isa = PBXFileReference; lastKnownFileType = folder.assetcatalog; path = Assets.xcassets; sourceTree = "<group>"; };
		472F8BC62B2C968600F69778 /* Msger.entitlements */ = {isa = PBXFileReference; lastKnownFileType = text.plist.entitlements; path = Msger.entitlements; sourceTree = "<group>"; };
		472F8BC82B2C968600F69778 /* Preview Assets.xcassets */ = {isa = PBXFileReference; lastKnownFileType = folder.assetcatalog; path = "Preview Assets.xcassets"; sourceTree = "<group>"; };
		472F8BCA2B2C968600F69778 /* Info.plist */ = {isa = PBXFileReference; lastKnownFileType = text.plist.xml; path = Info.plist; sourceTree = "<group>"; };
		472F8BCF2B2C968600F69778 /* MsgerTests.xctest */ = {isa = PBXFileReference; explicitFileType = wrapper.cfbundle; includeInIndex = 0; path = MsgerTests.xctest; sourceTree = BUILT_PRODUCTS_DIR; };
		472F8BD32B2C968600F69778 /* MsgerTests.swift */ = {isa = PBXFileReference; lastKnownFileType = sourcecode.swift; path = MsgerTests.swift; sourceTree = "<group>"; };
		472F8BD92B2C968600F69778 /* MsgerUITests.xctest */ = {isa = PBXFileReference; explicitFileType = wrapper.cfbundle; includeInIndex = 0; path = MsgerUITests.xctest; sourceTree = BUILT_PRODUCTS_DIR; };
		472F8BDD2B2C968600F69778 /* MsgerUITests.swift */ = {isa = PBXFileReference; lastKnownFileType = sourcecode.swift; path = MsgerUITests.swift; sourceTree = "<group>"; };
		472F8BDF2B2C968600F69778 /* MsgerUITestsLaunchTests.swift */ = {isa = PBXFileReference; lastKnownFileType = sourcecode.swift; path = MsgerUITestsLaunchTests.swift; sourceTree = "<group>"; };
/* End PBXFileReference section */

/* Begin PBXFrameworksBuildPhase section */
		472F8BB82B2C968500F69778 /* Frameworks */ = {
			isa = PBXFrameworksBuildPhase;
			buildActionMask = 2147483647;
			files = (
			);
			runOnlyForDeploymentPostprocessing = 0;
		};
		472F8BCC2B2C968600F69778 /* Frameworks */ = {
			isa = PBXFrameworksBuildPhase;
			buildActionMask = 2147483647;
			files = (
			);
			runOnlyForDeploymentPostprocessing = 0;
		};
		472F8BD62B2C968600F69778 /* Frameworks */ = {
			isa = PBXFrameworksBuildPhase;
			buildActionMask = 2147483647;
			files = (
			);
			runOnlyForDeploymentPostprocessing = 0;
		};
/* End PBXFrameworksBuildPhase section */

/* Begin PBXGroup section */
		472F8BB22B2C968500F69778 = {
			isa = PBXGroup;
			children = (
				472F8BBD2B2C968500F69778 /* Msger */,
				472F8BD22B2C968600F69778 /* MsgerTests */,
				472F8BDC2B2C968600F69778 /* MsgerUITests */,
				472F8BBC2B2C968500F69778 /* Products */,
			);
			sourceTree = "<group>";
		};
		472F8BBC2B2C968500F69778 /* Products */ = {
			isa = PBXGroup;
			children = (
				472F8BBB2B2C968500F69778 /* Msger.app */,
				472F8BCF2B2C968600F69778 /* MsgerTests.xctest */,
				472F8BD92B2C968600F69778 /* MsgerUITests.xctest */,
			);
			name = Products;
			sourceTree = "<group>";
		};
		472F8BBD2B2C968500F69778 /* Msger */ = {
			isa = PBXGroup;
			children = (
				472F8BBE2B2C968500F69778 /* MsgerApp.swift */,
				472F8BC02B2C968500F69778 /* ContentView.swift */,
				472F8BC22B2C968500F69778 /* Item.swift */,
				472F8BC42B2C968600F69778 /* Assets.xcassets */,
				472F8BC62B2C968600F69778 /* Msger.entitlements */,
				472F8BCA2B2C968600F69778 /* Info.plist */,
				472F8BC72B2C968600F69778 /* Preview Content */,
			);
			path = Msger;
			sourceTree = "<group>";
		};
		472F8BC72B2C968600F69778 /* Preview Content */ = {
			isa = PBXGroup;
			children = (
				472F8BC82B2C968600F69778 /* Preview Assets.xcassets */,
			);
			path = "Preview Content";
			sourceTree = "<group>";
		};
		472F8BD22B2C968600F69778 /* MsgerTests */ = {
			isa = PBXGroup;
			children = (
				472F8BD32B2C968600F69778 /* MsgerTests.swift */,
			);
			path = MsgerTests;
			sourceTree = "<group>";
		};
		472F8BDC2B2C968600F69778 /* MsgerUITests */ = {
			isa = PBXGroup;
			children = (
				472F8BDD2B2C968600F69778 /* MsgerUITests.swift */,
				472F8BDF2B2C968600F69778 /* MsgerUITestsLaunchTests.swift */,
			);
			path = MsgerUITests;
			sourceTree = "<group>";
		};
/* End PBXGroup section */

/* Begin PBXNativeTarget section */
		472F8BBA2B2C968500F69778 /* Msger */ = {
			isa = PBXNativeTarget;
			buildConfigurationList = 472F8BE32B2C968600F69778 /* Build configuration list for PBXNativeTarget "Msger" */;
			buildPhases = (
				472F8BB72B2C968500F69778 /* Sources */,
				472F8BB82B2C968500F69778 /* Frameworks */,
				472F8BB92B2C968500F69778 /* Resources */,
			);
			buildRules = (
			);
			dependencies = (
			);
			name = Msger;
			productName = Msger;
			productReference = 472F8BBB2B2C968500F69778 /* Msger.app */;
			productType = "com.apple.product-type.application";
		};
		472F8BCE2B2C968600F69778 /* MsgerTests */ = {
			isa = PBXNativeTarget;
			buildConfigurationList = 472F8BE62B2C968600F69778 /* Build configuration list for PBXNativeTarget "MsgerTests" */;
			buildPhases = (
				472F8BCB2B2C968600F69778 /* Sources */,
				472F8BCC2B2C968600F69778 /* Frameworks */,
				472F8BCD2B2C968600F69778 /* Resources */,
			);
			buildRules = (
			);
			dependencies = (
				472F8BD12B2C968600F69778 /* PBXTargetDependency */,
			);
			name = MsgerTests;
			productName = MsgerTests;
			productReference = 472F8BCF2B2C968600F69778 /* MsgerTests.xctest */;
			productType = "com.apple.product-type.bundle.unit-test";
		};
		472F8BD82B2C968600F69778 /* MsgerUITests */ = {
			isa = PBXNativeTarget;
			buildConfigurationList = 472F8BE92B2C968600F69778 /* Build configuration list for PBXNativeTarget "MsgerUITests" */;
			buildPhases = (
				472F8BD52B2C968600F69778 /* Sources */,
				472F8BD62B2C968600F69778 /* Frameworks */,
				472F8BD72B2C968600F69778 /* Resources */,
			);
			buildRules = (
			);
			dependencies = (
				472F8BDB2B2C968600F69778 /* PBXTargetDependency */,
			);
			name = MsgerUITests;
			productName = MsgerUITests;
			productReference = 472F8BD92B2C968600F69778 /* MsgerUITests.xctest */;
			productType = "com.apple.product-type.bundle.ui-testing";
		};
/* End PBXNativeTarget section */

/* Begin PBXProject section */
		472F8BB32B2C968500F69778 /* Project object */ = {
			isa = PBXProject;
			attributes = {
				BuildIndependentTargetsInParallel = 1;
				LastSwiftUpdateCheck = 1510;
				LastUpgradeCheck = 1510;
				TargetAttributes = {
					472F8BBA2B2C968500F69778 = {
						CreatedOnToolsVersion = 15.1;
					};
					472F8BCE2B2C968600F69778 = {
						CreatedOnToolsVersion = 15.1;
						TestTargetID = 472F8BBA2B2C968500F69778;
					};
					472F8BD82B2C968600F69778 = {
						CreatedOnToolsVersion = 15.1;
						TestTargetID = 472F8BBA2B2C968500F69778;
					};
				};
			};
			buildConfigurationList = 472F8BB62B2C968500F69778 /* Build configuration list for PBXProject "Msger" */;
			compatibilityVersion = "Xcode 14.0";
			developmentRegion = en;
			hasScannedForEncodings = 0;
			knownRegions = (
				en,
				Base,
			);
			mainGroup = 472F8BB22B2C968500F69778;
			productRefGroup = 472F8BBC2B2C968500F69778 /* Products */;
			projectDirPath = "";
			projectRoot = "";
			targets = (
				472F8BBA2B2C968500F69778 /* Msger */,
				472F8BCE2B2C968600F69778 /* MsgerTests */,
				472F8BD82B2C968600F69778 /* MsgerUITests */,
			);
		};
/* End PBXProject section */

/* Begin PBXResourcesBuildPhase section */
		472F8BB92B2C968500F69778 /* Resources */ = {
			isa = PBXResourcesBuildPhase;
			buildActionMask = 2147483647;
			files = (
				472F8BC92B2C968600F69778 /* Preview Assets.xcassets in Resources */,
				472F8BC52B2C968600F69778 /* Assets.xcassets in Resources */,
			);
			runOnlyForDeploymentPostprocessing = 0;
		};
		472F8BCD2B2C968600F69778 /* Resources */ = {
			isa = PBXResourcesBuildPhase;
			buildActionMask = 2147483647;
			files = (
			);
			runOnlyForDeploymentPostprocessing = 0;
		};
		472F8BD72B2C968600F69778 /* Resources */ = {
			isa = PBXResourcesBuildPhase;
			buildActionMask = 2147483647;
			files = (
			);
			runOnlyForDeploymentPostprocessing = 0;
		};
/* End PBXResourcesBuildPhase section */

/* Begin PBXSourcesBuildPhase section */
		472F8BB72B2C968500F69778 /* Sources */ = {
			isa = PBXSourcesBuildPhase;
			buildActionMask = 2147483647;
			files = (
				472F8BC12B2C968500F69778 /* ContentView.swift in Sources */,
				472F8BC32B2C968500F69778 /* Item.swift in Sources */,
				472F8BBF2B2C968500F69778 /* MsgerApp.swift in Sources */,
			);
			runOnlyForDeploymentPostprocessing = 0;
		};
		472F8BCB2B2C968600F69778 /* Sources */ = {
			isa = PBXSourcesBuildPhase;
			buildActionMask = 2147483647;
			files = (
				472F8BD42B2C968600F69778 /* MsgerTests.swift in Sources */,
			);
			runOnlyForDeploymentPostprocessing = 0;
		};
		472F8BD52B2C968600F69778 /* Sources */ = {
			isa = PBXSourcesBuildPhase;
			buildActionMask = 2147483647;
			files = (
				472F8BDE2B2C968600F69778 /* MsgerUITests.swift in Sources */,
				472F8BE02B2C968600F69778 /* MsgerUITestsLaunchTests.swift in Sources */,
			);
			runOnlyForDeploymentPostprocessing = 0;
		};
/* End PBXSourcesBuildPhase section */

/* Begin PBXTargetDependency section */
		472F8BD12B2C968600F69778 /* PBXTargetDependency */ = {
			isa = PBXTargetDependency;
			target = 472F8BBA2B2C968500F69778 /* Msger */;
			targetProxy = 472F8BD02B2C968600F69778 /* PBXContainerItemProxy */;
		};
		472F8BDB2B2C968600F69778 /* PBXTargetDependency */ = {
			isa = PBXTargetDependency;
			target = 472F8BBA2B2C968500F69778 /* Msger */;
			targetProxy = 472F8BDA2B2C968600F69778 /* PBXContainerItemProxy */;
		};
/* End PBXTargetDependency section */

/* Begin XCBuildConfiguration section */
		472F8BE12B2C968600F69778 /* Debug */ = {
			isa = XCBuildConfiguration;
			buildSettings = {
				ALWAYS_SEARCH_USER_PATHS = NO;
				ASSETCATALOG_COMPILER_GENERATE_SWIFT_ASSET_SYMBOL_EXTENSIONS = YES;
				CLANG_ANALYZER_NONNULL = YES;
				CLANG_ANALYZER_NUMBER_OBJECT_CONVERSION = YES_AGGRESSIVE;
				CLANG_CXX_LANGUAGE_STANDARD = "gnu++20";
				CLANG_ENABLE_MODULES = YES;
				CLANG_ENABLE_OBJC_ARC = YES;
				CLANG_ENABLE_OBJC_WEAK = YES;
				CLANG_WARN_BLOCK_CAPTURE_AUTORELEASING = YES;
				CLANG_WARN_BOOL_CONVERSION = YES;
				CLANG_WARN_COMMA = YES;
				CLANG_WARN_CONSTANT_CONVERSION = YES;
				CLANG_WARN_DEPRECATED_OBJC_IMPLEMENTATIONS = YES;
				CLANG_WARN_DIRECT_OBJC_ISA_USAGE = YES_ERROR;
				CLANG_WARN_DOCUMENTATION_COMMENTS = YES;
				CLANG_WARN_EMPTY_BODY = YES;
				CLANG_WARN_ENUM_CONVERSION = YES;
				CLANG_WARN_INFINITE_RECURSION = YES;
				CLANG_WARN_INT_CONVERSION = YES;
				CLANG_WARN_NON_LITERAL_NULL_CONVERSION = YES;
				CLANG_WARN_OBJC_IMPLICIT_RETAIN_SELF = YES;
				CLANG_WARN_OBJC_LITERAL_CONVERSION = YES;
				CLANG_WARN_OBJC_ROOT_CLASS = YES_ERROR;
				CLANG_WARN_QUOTED_INCLUDE_IN_FRAMEWORK_HEADER = YES;
				CLANG_WARN_RANGE_LOOP_ANALYSIS = YES;
				CLANG_WARN_STRICT_PROTOTYPES = YES;
				CLANG_WARN_SUSPICIOUS_MOVE = YES;
				CLANG_WARN_UNGUARDED_AVAILABILITY = YES_AGGRESSIVE;
				CLANG_WARN_UNREACHABLE_CODE = YES;
				CLANG_WARN__DUPLICATE_METHOD_MATCH = YES;
				COPY_PHASE_STRIP = NO;
				DEBUG_INFORMATION_FORMAT = dwarf;
				ENABLE_STRICT_OBJC_MSGSEND = YES;
				ENABLE_TESTABILITY = YES;
				ENABLE_USER_SCRIPT_SANDBOXING = YES;
				GCC_C_LANGUAGE_STANDARD = gnu17;
				GCC_DYNAMIC_NO_PIC = NO;
				GCC_NO_COMMON_BLOCKS = YES;
				GCC_OPTIMIZATION_LEVEL = 0;
				GCC_PREPROCESSOR_DEFINITIONS = (
					"DEBUG=1",
					"$(inherited)",
				);
				GCC_WARN_64_TO_32_BIT_CONVERSION = YES;
				GCC_WARN_ABOUT_RETURN_TYPE = YES_ERROR;
				GCC_WARN_UNDECLARED_SELECTOR = YES;
				GCC_WARN_UNINITIALIZED_AUTOS = YES_AGGRESSIVE;
				GCC_WARN_UNUSED_FUNCTION = YES;
				GCC_WARN_UNUSED_VARIABLE = YES;
				LOCALIZATION_PREFERS_STRING_CATALOGS = YES;
				MTL_ENABLE_DEBUG_INFO = INCLUDE_SOURCE;
				MTL_FAST_MATH = YES;
				ONLY_ACTIVE_ARCH = YES;
				SWIFT_ACTIVE_COMPILATION_CONDITIONS = "DEBUG $(inherited)";
				SWIFT_OPTIMIZATION_LEVEL = "-Onone";
			};
			name = Debug;
		};
		472F8BE22B2C968600F69778 /* Release */ = {
			isa = XCBuildConfiguration;
			buildSettings = {
				ALWAYS_SEARCH_USER_PATHS = NO;
				ASSETCATALOG_COMPILER_GENERATE_SWIFT_ASSET_SYMBOL_EXTENSIONS = YES;
				CLANG_ANALYZER_NONNULL = YES;
				CLANG_ANALYZER_NUMBER_OBJECT_CONVERSION = YES_AGGRESSIVE;
				CLANG_CXX_LANGUAGE_STANDARD = "gnu++20";
				CLANG_ENABLE_MODULES = YES;
				CLANG_ENABLE_OBJC_ARC = YES;
				CLANG_ENABLE_OBJC_WEAK = YES;
				CLANG_WARN_BLOCK_CAPTURE_AUTORELEASING = YES;
				CLANG_WARN_BOOL_CONVERSION = YES;
				CLANG_WARN_COMMA = YES;
				CLANG_WARN_CONSTANT_CONVERSION = YES;
				CLANG_WARN_DEPRECATED_OBJC_IMPLEMENTATIONS = YES;
				CLANG_WARN_DIRECT_OBJC_ISA_USAGE = YES_ERROR;
				CLANG_WARN_DOCUMENTATION_COMMENTS = YES;
				CLANG_WARN_EMPTY_BODY = YES;
				CLANG_WARN_ENUM_CONVERSION = YES;
				CLANG_WARN_INFINITE_RECURSION = YES;
				CLANG_WARN_INT_CONVERSION = YES;
				CLANG_WARN_NON_LITERAL_NULL_CONVERSION = YES;
				CLANG_WARN_OBJC_IMPLICIT_RETAIN_SELF = YES;
				CLANG_WARN_OBJC_LITERAL_CONVERSION = YES;
				CLANG_WARN_OBJC_ROOT_CLASS = YES_ERROR;
				CLANG_WARN_QUOTED_INCLUDE_IN_FRAMEWORK_HEADER = YES;
				CLANG_WARN_RANGE_LOOP_ANALYSIS = YES;
				CLANG_WARN_STRICT_PROTOTYPES = YES;
				CLANG_WARN_SUSPICIOUS_MOVE = YES;
				CLANG_WARN_UNGUARDED_AVAILABILITY = YES_AGGRESSIVE;
				CLANG_WARN_UNREACHABLE_CODE = YES;
				CLANG_WARN__DUPLICATE_METHOD_MATCH = YES;
				COPY_PHASE_STRIP = NO;
				DEBUG_INFORMATION_FORMAT = "dwarf-with-dsym";
				ENABLE_NS_ASSERTIONS = NO;
				ENABLE_STRICT_OBJC_MSGSEND = YES;
				ENABLE_USER_SCRIPT_SANDBOXING = YES;
				GCC_C_LANGUAGE_STANDARD = gnu17;
				GCC_NO_COMMON_BLOCKS = YES;
				GCC_WARN_64_TO_32_BIT_CONVERSION = YES;
				GCC_WARN_ABOUT_RETURN_TYPE = YES_ERROR;
				GCC_WARN_UNDECLARED_SELECTOR = YES;
				GCC_WARN_UNINITIALIZED_AUTOS = YES_AGGRESSIVE;
				GCC_WARN_UNUSED_FUNCTION = YES;
				GCC_WARN_UNUSED_VARIABLE = YES;
				LOCALIZATION_PREFERS_STRING_CATALOGS = YES;
				MTL_ENABLE_DEBUG_INFO = NO;
				MTL_FAST_MATH = YES;
				SWIFT_COMPILATION_MODE = wholemodule;
			};
			name = Release;
		};
		472F8BE42B2C968600F69778 /* Debug */ = {
			isa = XCBuildConfiguration;
			buildSettings = {
				ASSETCATALOG_COMPILER_APPICON_NAME = AppIcon;
				ASSETCATALOG_COMPILER_GLOBAL_ACCENT_COLOR_NAME = AccentColor;
				CODE_SIGN_ENTITLEMENTS = Msger/Msger.entitlements;
				CODE_SIGN_STYLE = Automatic;
				CURRENT_PROJECT_VERSION = 1;
				DEVELOPMENT_ASSET_PATHS = "\"Msger/Preview Content\"";
				DEVELOPMENT_TEAM = HJ9L53D9PB;
				ENABLE_HARDENED_RUNTIME = YES;
				ENABLE_PREVIEWS = YES;
				GENERATE_INFOPLIST_FILE = YES;
				INFOPLIST_FILE = Msger/Info.plist;
				"INFOPLIST_KEY_UIApplicationSceneManifest_Generation[sdk=iphoneos*]" = YES;
				"INFOPLIST_KEY_UIApplicationSceneManifest_Generation[sdk=iphonesimulator*]" = YES;
				"INFOPLIST_KEY_UIApplicationSupportsIndirectInputEvents[sdk=iphoneos*]" = YES;
				"INFOPLIST_KEY_UIApplicationSupportsIndirectInputEvents[sdk=iphonesimulator*]" = YES;
				"INFOPLIST_KEY_UILaunchScreen_Generation[sdk=iphoneos*]" = YES;
				"INFOPLIST_KEY_UILaunchScreen_Generation[sdk=iphonesimulator*]" = YES;
				"INFOPLIST_KEY_UIStatusBarStyle[sdk=iphoneos*]" = UIStatusBarStyleDefault;
				"INFOPLIST_KEY_UIStatusBarStyle[sdk=iphonesimulator*]" = UIStatusBarStyleDefault;
				INFOPLIST_KEY_UISupportedInterfaceOrientations_iPad = "UIInterfaceOrientationPortrait UIInterfaceOrientationPortraitUpsideDown UIInterfaceOrientationLandscapeLeft UIInterfaceOrientationLandscapeRight";
				INFOPLIST_KEY_UISupportedInterfaceOrientations_iPhone = "UIInterfaceOrientationPortrait UIInterfaceOrientationLandscapeLeft UIInterfaceOrientationLandscapeRight";
				IPHONEOS_DEPLOYMENT_TARGET = 17.2;
				LD_RUNPATH_SEARCH_PATHS = "@executable_path/Frameworks";
				"LD_RUNPATH_SEARCH_PATHS[sdk=macosx*]" = "@executable_path/../Frameworks";
				MACOSX_DEPLOYMENT_TARGET = 14.0;
				MARKETING_VERSION = 1.0;
				PRODUCT_BUNDLE_IDENTIFIER = com.jonahaung.Msger;
				PRODUCT_NAME = "$(TARGET_NAME)";
				SDKROOT = auto;
				SUPPORTED_PLATFORMS = "iphoneos iphonesimulator macosx";
				SWIFT_EMIT_LOC_STRINGS = YES;
				SWIFT_VERSION = 5.0;
				TARGETED_DEVICE_FAMILY = "1,2";
			};
			name = Debug;
		};
		472F8BE52B2C968600F69778 /* Release */ = {
			isa = XCBuildConfiguration;
			buildSettings = {
				ASSETCATALOG_COMPILER_APPICON_NAME = AppIcon;
				ASSETCATALOG_COMPILER_GLOBAL_ACCENT_COLOR_NAME = AccentColor;
				CODE_SIGN_ENTITLEMENTS = Msger/Msger.entitlements;
				CODE_SIGN_STYLE = Automatic;
				CURRENT_PROJECT_VERSION = 1;
				DEVELOPMENT_ASSET_PATHS = "\"Msger/Preview Content\"";
				DEVELOPMENT_TEAM = HJ9L53D9PB;
				ENABLE_HARDENED_RUNTIME = YES;
				ENABLE_PREVIEWS = YES;
				GENERATE_INFOPLIST_FILE = YES;
				INFOPLIST_FILE = Msger/Info.plist;
				"INFOPLIST_KEY_UIApplicationSceneManifest_Generation[sdk=iphoneos*]" = YES;
				"INFOPLIST_KEY_UIApplicationSceneManifest_Generation[sdk=iphonesimulator*]" = YES;
				"INFOPLIST_KEY_UIApplicationSupportsIndirectInputEvents[sdk=iphoneos*]" = YES;
				"INFOPLIST_KEY_UIApplicationSupportsIndirectInputEvents[sdk=iphonesimulator*]" = YES;
				"INFOPLIST_KEY_UILaunchScreen_Generation[sdk=iphoneos*]" = YES;
				"INFOPLIST_KEY_UILaunchScreen_Generation[sdk=iphonesimulator*]" = YES;
				"INFOPLIST_KEY_UIStatusBarStyle[sdk=iphoneos*]" = UIStatusBarStyleDefault;
				"INFOPLIST_KEY_UIStatusBarStyle[sdk=iphonesimulator*]" = UIStatusBarStyleDefault;
				INFOPLIST_KEY_UISupportedInterfaceOrientations_iPad = "UIInterfaceOrientationPortrait UIInterfaceOrientationPortraitUpsideDown UIInterfaceOrientationLandscapeLeft UIInterfaceOrientationLandscapeRight";
				INFOPLIST_KEY_UISupportedInterfaceOrientations_iPhone = "UIInterfaceOrientationPortrait UIInterfaceOrientationLandscapeLeft UIInterfaceOrientationLandscapeRight";
				IPHONEOS_DEPLOYMENT_TARGET = 17.2;
				LD_RUNPATH_SEARCH_PATHS = "@executable_path/Frameworks";
				"LD_RUNPATH_SEARCH_PATHS[sdk=macosx*]" = "@executable_path/../Frameworks";
				MACOSX_DEPLOYMENT_TARGET = 14.0;
				MARKETING_VERSION = 1.0;
				PRODUCT_BUNDLE_IDENTIFIER = com.jonahaung.Msger;
				PRODUCT_NAME = "$(TARGET_NAME)";
				SDKROOT = auto;
				SUPPORTED_PLATFORMS = "iphoneos iphonesimulator macosx";
				SWIFT_EMIT_LOC_STRINGS = YES;
				SWIFT_VERSION = 5.0;
				TARGETED_DEVICE_FAMILY = "1,2";
			};
			name = Release;
		};
		472F8BE72B2C968600F69778 /* Debug */ = {
			isa = XCBuildConfiguration;
			buildSettings = {
				ALWAYS_EMBED_SWIFT_STANDARD_LIBRARIES = YES;
				BUNDLE_LOADER = "$(TEST_HOST)";
				CODE_SIGN_STYLE = Automatic;
				CURRENT_PROJECT_VERSION = 1;
				DEVELOPMENT_TEAM = HJ9L53D9PB;
				GENERATE_INFOPLIST_FILE = YES;
				IPHONEOS_DEPLOYMENT_TARGET = 17.2;
				MACOSX_DEPLOYMENT_TARGET = 14.2;
				MARKETING_VERSION = 1.0;
				PRODUCT_BUNDLE_IDENTIFIER = com.jonahaung.MsgerTests;
				PRODUCT_NAME = "$(TARGET_NAME)";
				SDKROOT = auto;
				SUPPORTED_PLATFORMS = "iphoneos iphonesimulator macosx";
				SWIFT_EMIT_LOC_STRINGS = NO;
				SWIFT_VERSION = 5.0;
				TARGETED_DEVICE_FAMILY = "1,2";
				TEST_HOST = "$(BUILT_PRODUCTS_DIR)/Msger.app/$(BUNDLE_EXECUTABLE_FOLDER_PATH)/Msger";
			};
			name = Debug;
		};
		472F8BE82B2C968600F69778 /* Release */ = {
			isa = XCBuildConfiguration;
			buildSettings = {
				ALWAYS_EMBED_SWIFT_STANDARD_LIBRARIES = YES;
				BUNDLE_LOADER = "$(TEST_HOST)";
				CODE_SIGN_STYLE = Automatic;
				CURRENT_PROJECT_VERSION = 1;
				DEVELOPMENT_TEAM = HJ9L53D9PB;
				GENERATE_INFOPLIST_FILE = YES;
				IPHONEOS_DEPLOYMENT_TARGET = 17.2;
				MACOSX_DEPLOYMENT_TARGET = 14.2;
				MARKETING_VERSION = 1.0;
				PRODUCT_BUNDLE_IDENTIFIER = com.jonahaung.MsgerTests;
				PRODUCT_NAME = "$(TARGET_NAME)";
				SDKROOT = auto;
				SUPPORTED_PLATFORMS = "iphoneos iphonesimulator macosx";
				SWIFT_EMIT_LOC_STRINGS = NO;
				SWIFT_VERSION = 5.0;
				TARGETED_DEVICE_FAMILY = "1,2";
				TEST_HOST = "$(BUILT_PRODUCTS_DIR)/Msger.app/$(BUNDLE_EXECUTABLE_FOLDER_PATH)/Msger";
			};
			name = Release;
		};
		472F8BEA2B2C968600F69778 /* Debug */ = {
			isa = XCBuildConfiguration;
			buildSettings = {
				ALWAYS_EMBED_SWIFT_STANDARD_LIBRARIES = YES;
				CODE_SIGN_STYLE = Automatic;
				CURRENT_PROJECT_VERSION = 1;
				DEVELOPMENT_TEAM = HJ9L53D9PB;
				GENERATE_INFOPLIST_FILE = YES;
				IPHONEOS_DEPLOYMENT_TARGET = 17.2;
				MACOSX_DEPLOYMENT_TARGET = 14.2;
				MARKETING_VERSION = 1.0;
				PRODUCT_BUNDLE_IDENTIFIER = com.jonahaung.MsgerUITests;
				PRODUCT_NAME = "$(TARGET_NAME)";
				SDKROOT = auto;
				SUPPORTED_PLATFORMS = "iphoneos iphonesimulator macosx";
				SWIFT_EMIT_LOC_STRINGS = NO;
				SWIFT_VERSION = 5.0;
				TARGETED_DEVICE_FAMILY = "1,2";
				TEST_TARGET_NAME = Msger;
			};
			name = Debug;
		};
		472F8BEB2B2C968600F69778 /* Release */ = {
			isa = XCBuildConfiguration;
			buildSettings = {
				ALWAYS_EMBED_SWIFT_STANDARD_LIBRARIES = YES;
				CODE_SIGN_STYLE = Automatic;
				CURRENT_PROJECT_VERSION = 1;
				DEVELOPMENT_TEAM = HJ9L53D9PB;
				GENERATE_INFOPLIST_FILE = YES;
				IPHONEOS_DEPLOYMENT_TARGET = 17.2;
				MACOSX_DEPLOYMENT_TARGET = 14.2;
				MARKETING_VERSION = 1.0;
				PRODUCT_BUNDLE_IDENTIFIER = com.jonahaung.MsgerUITests;
				PRODUCT_NAME = "$(TARGET_NAME)";
				SDKROOT = auto;
				SUPPORTED_PLATFORMS = "iphoneos iphonesimulator macosx";
				SWIFT_EMIT_LOC_STRINGS = NO;
				SWIFT_VERSION = 5.0;
				TARGETED_DEVICE_FAMILY = "1,2";
				TEST_TARGET_NAME = Msger;
			};
			name = Release;
		};
/* End XCBuildConfiguration section */

/* Begin XCConfigurationList section */
		472F8BB62B2C968500F69778 /* Build configuration list for PBXProject "Msger" */ = {
			isa = XCConfigurationList;
			buildConfigurations = (
				472F8BE12B2C968600F69778 /* Debug */,
				472F8BE22B2C968600F69778 /* Release */,
			);
			defaultConfigurationIsVisible = 0;
			defaultConfigurationName = Release;
		};
		472F8BE32B2C968600F69778 /* Build configuration list for PBXNativeTarget "Msger" */ = {
			isa = XCConfigurationList;
			buildConfigurations = (
				472F8BE42B2C968600F69778 /* Debug */,
				472F8BE52B2C968600F69778 /* Release */,
			);
			defaultConfigurationIsVisible = 0;
			defaultConfigurationName = Release;
		};
		472F8BE62B2C968600F69778 /* Build configuration list for PBXNativeTarget "MsgerTests" */ = {
			isa = XCConfigurationList;
			buildConfigurations = (
				472F8BE72B2C968600F69778 /* Debug */,
				472F8BE82B2C968600F69778 /* Release */,
			);
			defaultConfigurationIsVisible = 0;
			defaultConfigurationName = Release;
		};
		472F8BE92B2C968600F69778 /* Build configuration list for PBXNativeTarget "MsgerUITests" */ = {
			isa = XCConfigurationList;
			buildConfigurations = (
				472F8BEA2B2C968600F69778 /* Debug */,
				472F8BEB2B2C968600F69778 /* Release */,
			);
			defaultConfigurationIsVisible = 0;
			defaultConfigurationName = Release;
		};
/* End XCConfigurationList section */
	};
	rootObject = 472F8BB32B2C968500F69778 /* Project object */;
}
